
Microsoft Visual Studio Solution File, Format Version 12.00
# Visual Studio 15
VisualStudioVersion = 15.0.28307.1169
MinimumVisualStudioVersion = 10.0.40219.1
Project("{FAE04EC0-301F-11D3-BF4B-00C04F79EFBC}") = "W3_Abstraction", "W3_Abstraction\W3_Abstraction.csproj", "{3F252005-7044-4FFD-9B8A-14ABD66BC72B}"
EndProject
Global
	GlobalSection(SolutionConfigurationPlatforms) = preSolution
		Debug|Any CPU = Debug|Any CPU
		Release|Any CPU = Release|Any CPU
	EndGlobalSection
	GlobalSection(ProjectConfigurationPlatforms) = postSolution
		{3F252005-7044-4FFD-9B8A-14ABD66BC72B}.Debug|Any CPU.ActiveCfg = Debug|Any CPU
		{3F252005-7044-4FFD-9B8A-14ABD66BC72B}.Debug|Any CPU.Build.0 = Debug|Any CPU
		{3F252005-7044-4FFD-9B8A-14ABD66BC72B}.Release|Any CPU.ActiveCfg = Release|Any CPU
		{3F252005-7044-4FFD-9B8A-14ABD66BC72B}.Release|Any CPU.Build.0 = Release|Any CPU
	EndGlobalSection
	GlobalSection(SolutionProperties) = preSolution
		HideSolutionNode = FALSE
	EndGlobalSection
	GlobalSection(ExtensibilityGlobals) = postSolution
		SolutionGuid = {3343E377-8B05-41AE-A466-C5C31E199600}
	EndGlobalSection
EndGlobal
